
Microsoft Visual Studio Solution File, Format Version 12.00
# Visual Studio Version 17
VisualStudioVersion = 17.8.34330.188
MinimumVisualStudioVersion = 10.0.40219.1
Project("{FAE04EC0-301F-11D3-BF4B-00C04F79EFBC}") = "BetterButchery", "BetterButchery.csproj", "{0877C913-FB45-4F3D-8140-26F54B5209E5}"
EndProject
Global
	GlobalSection(SolutionConfigurationPlatforms) = preSolution
		Debug|Any CPU = Debug|Any CPU
		Release|Any CPU = Release|Any CPU
	EndGlobalSection
	GlobalSection(ProjectConfigurationPlatforms) = postSolution
		{0877C913-FB45-4F3D-8140-26F54B5209E5}.Debug|Any CPU.ActiveCfg = Debug|Any CPU
		{0877C913-FB45-4F3D-8140-26F54B5209E5}.Debug|Any CPU.Build.0 = Debug|Any CPU
		{0877C913-FB45-4F3D-8140-26F54B5209E5}.Release|Any CPU.ActiveCfg = Release|Any CPU
		{0877C913-FB45-4F3D-8140-26F54B5209E5}.Release|Any CPU.Build.0 = Release|Any CPU
	EndGlobalSection
	GlobalSection(SolutionProperties) = preSolution
		HideSolutionNode = FALSE
	EndGlobalSection
	GlobalSection(ExtensibilityGlobals) = postSolution
		SolutionGuid = {A7376E10-FB05-407C-B69F-5DD29BD30F64}
	EndGlobalSection
EndGlobal
